Microsoft Visual Studio Solution File, Format Version 12.00
# Visual Studio Version 17
VisualStudioVersion = 17.5.2.0
MinimumVisualStudioVersion = 10.0.40219.1
Project("{FAE04EC0-301F-11D3-BF4B-00C04F79EFBC}") = "Lab1", "Lab1\Lab1.csproj", "{4C38379F-6B46-EF58-4F1F-EC66EF1F7497}"
EndProject
Project("{FAE04EC0-301F-11D3-BF4B-00C04F79EFBC}") = "Lab2", "Lab2\Lab2.csproj", "{41FBC8A6-85D8-446C-BF5F-F5590824CD0D}"
EndProject
Project("{FAE04EC0-301F-11D3-BF4B-00C04F79EFBC}") = "Lab3", "Lab3\Lab3.csproj", "{75C18917-6D2C-4265-A257-3EB81C09123B}"
EndProject
Project("{FAE04EC0-301F-11D3-BF4B-00C04F79EFBC}") = "Lab4", "Lab4\Lab4.csproj", "{57DBB842-A66F-45CD-9C07-EFCE890EB58C}"
EndProject
Project("{FAE04EC0-301F-11D3-BF4B-00C04F79EFBC}") = "Lab5", "Lab5\Lab5.csproj", "{7235030F-6140-43D1-B068-E386570B5189}"
EndProject
Global
	GlobalSection(SolutionConfigurationPlatforms) = preSolution
		Debug|Any CPU = Debug|Any CPU
		Release|Any CPU = Release|Any CPU
	EndGlobalSection
	GlobalSection(ProjectConfigurationPlatforms) = postSolution
		{4C38379F-6B46-EF58-4F1F-EC66EF1F7497}.Debug|Any CPU.ActiveCfg = Debug|Any CPU
		{4C38379F-6B46-EF58-4F1F-EC66EF1F7497}.Debug|Any CPU.Build.0 = Debug|Any CPU
		{4C38379F-6B46-EF58-4F1F-EC66EF1F7497}.Release|Any CPU.ActiveCfg = Release|Any CPU
		{4C38379F-6B46-EF58-4F1F-EC66EF1F7497}.Release|Any CPU.Build.0 = Release|Any CPU
		{41FBC8A6-85D8-446C-BF5F-F5590824CD0D}.Debug|Any CPU.ActiveCfg = Debug|Any CPU
		{41FBC8A6-85D8-446C-BF5F-F5590824CD0D}.Debug|Any CPU.Build.0 = Debug|Any CPU
		{41FBC8A6-85D8-446C-BF5F-F5590824CD0D}.Release|Any CPU.ActiveCfg = Release|Any CPU
		{41FBC8A6-85D8-446C-BF5F-F5590824CD0D}.Release|Any CPU.Build.0 = Release|Any CPU
		{75C18917-6D2C-4265-A257-3EB81C09123B}.Debug|Any CPU.ActiveCfg = Debug|Any CPU
		{75C18917-6D2C-4265-A257-3EB81C09123B}.Debug|Any CPU.Build.0 = Debug|Any CPU
		{75C18917-6D2C-4265-A257-3EB81C09123B}.Release|Any CPU.ActiveCfg = Release|Any CPU
		{75C18917-6D2C-4265-A257-3EB81C09123B}.Release|Any CPU.Build.0 = Release|Any CPU
		{57DBB842-A66F-45CD-9C07-EFCE890EB58C}.Debug|Any CPU.ActiveCfg = Debug|Any CPU
		{57DBB842-A66F-45CD-9C07-EFCE890EB58C}.Debug|Any CPU.Build.0 = Debug|Any CPU
		{57DBB842-A66F-45CD-9C07-EFCE890EB58C}.Release|Any CPU.ActiveCfg = Release|Any CPU
		{57DBB842-A66F-45CD-9C07-EFCE890EB58C}.Release|Any CPU.Build.0 = Release|Any CPU
		{7235030F-6140-43D1-B068-E386570B5189}.Debug|Any CPU.ActiveCfg = Debug|Any CPU
		{7235030F-6140-43D1-B068-E386570B5189}.Debug|Any CPU.Build.0 = Debug|Any CPU
		{7235030F-6140-43D1-B068-E386570B5189}.Release|Any CPU.ActiveCfg = Release|Any CPU
		{7235030F-6140-43D1-B068-E386570B5189}.Release|Any CPU.Build.0 = Release|Any CPU
	EndGlobalSection
	GlobalSection(SolutionProperties) = preSolution
		HideSolutionNode = FALSE
	EndGlobalSection
	GlobalSection(ExtensibilityGlobals) = postSolution
		SolutionGuid = {7614FD9E-3BE9-4B5F-AB72-248B10622564}
	EndGlobalSection
EndGlobal
